
Microsoft Visual Studio Solution File, Format Version 12.00
# Visual Studio 14
VisualStudioVersion = 14.0.24720.0
MinimumVisualStudioVersion = 10.0.40219.1
Project("{8BC9CEB8-8B4A-11D0-8D11-00A0C91BC942}") = "1", "1\1.vcxproj", "{1DEF6843-23B5-4DD3-BAA9-B4612FB24F13}"
EndProject
Project("{8BC9CEB8-8B4A-11D0-8D11-00A0C91BC942}") = "2", "2\2.vcxproj", "{80E845EB-20A3-4AB8-ACD6-FA980C139926}"
EndProject
Project("{8BC9CEB8-8B4A-11D0-8D11-00A0C91BC942}") = "3", "3\3.vcxproj", "{4F43E496-4389-4424-B47B-27BCE7B95F84}"
EndProject
Project("{8BC9CEB8-8B4A-11D0-8D11-00A0C91BC942}") = "4", "4\4.vcxproj", "{F4070632-F362-44C7-A5B0-978516116791}"
EndProject
Project("{8BC9CEB8-8B4A-11D0-8D11-00A0C91BC942}") = "5", "5\5.vcxproj", "{33430477-7658-4F76-8D18-70419A81D30C}"
EndProject
Project("{8BC9CEB8-8B4A-11D0-8D11-00A0C91BC942}") = "6", "6\6.vcxproj", "{1AC5F5ED-5B3F-42F7-A804-35C9F6691A1C}"
EndProject
Project("{8BC9CEB8-8B4A-11D0-8D11-00A0C91BC942}") = "7", "7\7.vcxproj", "{71613850-EEA7-4534-A7EE-D7C5749327DD}"
EndProject
Project("{8BC9CEB8-8B4A-11D0-8D11-00A0C91BC942}") = "Home1", "Home1\Home1.vcxproj", "{0125175B-385B-480F-A241-D5EB5DA620C1}"
EndProject
Project("{8BC9CEB8-8B4A-11D0-8D11-00A0C91BC942}") = "Home2", "Home2\Home2.vcxproj", "{EEBC6D5E-A871-43B2-90E1-5DFBA84E0E14}"
EndProject
Project("{8BC9CEB8-8B4A-11D0-8D11-00A0C91BC942}") = "Home3", "Home3\Home3.vcxproj", "{28903419-C097-4BAF-AF36-F580506C4609}"
EndProject
Project("{8BC9CEB8-8B4A-11D0-8D11-00A0C91BC942}") = "Home4", "Home4\Home4.vcxproj", "{F3B87E9F-479D-4A19-AD73-DB1D410B2DEB}"
EndProject
Project("{8BC9CEB8-8B4A-11D0-8D11-00A0C91BC942}") = "Home6", "Home6\Home6.vcxproj", "{CA0C28CB-DD1E-4501-A307-D23205458072}"
EndProject
Project("{8BC9CEB8-8B4A-11D0-8D11-00A0C91BC942}") = "Home5", "Home5\Home5.vcxproj", "{A9FE1E81-45A1-40F9-8105-5629EF12FCB3}"
EndProject
Project("{8BC9CEB8-8B4A-11D0-8D11-00A0C91BC942}") = "Home7", "Home7\Home7.vcxproj", "{36BDA015-CDDD-457D-9ADF-73A052796052}"
EndProject
Project("{8BC9CEB8-8B4A-11D0-8D11-00A0C91BC942}") = "9", "9\9.vcxproj", "{4556948A-3785-4226-8E8C-E1D5CD080588}"
EndProject
Global
	GlobalSection(SolutionConfigurationPlatforms) = preSolution
		Debug|x86 = Debug|x86
	EndGlobalSection
	GlobalSection(ProjectConfigurationPlatforms) = postSolution
		{1DEF6843-23B5-4DD3-BAA9-B4612FB24F13}.Debug|x86.ActiveCfg = Debug|Win32
		{1DEF6843-23B5-4DD3-BAA9-B4612FB24F13}.Debug|x86.Build.0 = Debug|Win32
		{80E845EB-20A3-4AB8-ACD6-FA980C139926}.Debug|x86.ActiveCfg = Debug|Win32
		{80E845EB-20A3-4AB8-ACD6-FA980C139926}.Debug|x86.Build.0 = Debug|Win32
		{4F43E496-4389-4424-B47B-27BCE7B95F84}.Debug|x86.ActiveCfg = Debug|Win32
		{4F43E496-4389-4424-B47B-27BCE7B95F84}.Debug|x86.Build.0 = Debug|Win32
		{F4070632-F362-44C7-A5B0-978516116791}.Debug|x86.ActiveCfg = Debug|Win32
		{F4070632-F362-44C7-A5B0-978516116791}.Debug|x86.Build.0 = Debug|Win32
		{33430477-7658-4F76-8D18-70419A81D30C}.Debug|x86.ActiveCfg = Debug|Win32
		{33430477-7658-4F76-8D18-70419A81D30C}.Debug|x86.Build.0 = Debug|Win32
		{1AC5F5ED-5B3F-42F7-A804-35C9F6691A1C}.Debug|x86.ActiveCfg = Debug|Win32
		{1AC5F5ED-5B3F-42F7-A804-35C9F6691A1C}.Debug|x86.Build.0 = Debug|Win32
		{71613850-EEA7-4534-A7EE-D7C5749327DD}.Debug|x86.ActiveCfg = Debug|Win32
		{71613850-EEA7-4534-A7EE-D7C5749327DD}.Debug|x86.Build.0 = Debug|Win32
		{0125175B-385B-480F-A241-D5EB5DA620C1}.Debug|x86.ActiveCfg = Debug|Win32
		{0125175B-385B-480F-A241-D5EB5DA620C1}.Debug|x86.Build.0 = Debug|Win32
		{EEBC6D5E-A871-43B2-90E1-5DFBA84E0E14}.Debug|x86.ActiveCfg = Debug|Win32
		{EEBC6D5E-A871-43B2-90E1-5DFBA84E0E14}.Debug|x86.Build.0 = Debug|Win32
		{28903419-C097-4BAF-AF36-F580506C4609}.Debug|x86.ActiveCfg = Debug|Win32
		{28903419-C097-4BAF-AF36-F580506C4609}.Debug|x86.Build.0 = Debug|Win32
		{F3B87E9F-479D-4A19-AD73-DB1D410B2DEB}.Debug|x86.ActiveCfg = Debug|Win32
		{F3B87E9F-479D-4A19-AD73-DB1D410B2DEB}.Debug|x86.Build.0 = Debug|Win32
		{CA0C28CB-DD1E-4501-A307-D23205458072}.Debug|x86.ActiveCfg = Debug|Win32
		{CA0C28CB-DD1E-4501-A307-D23205458072}.Debug|x86.Build.0 = Debug|Win32
		{A9FE1E81-45A1-40F9-8105-5629EF12FCB3}.Debug|x86.ActiveCfg = Debug|Win32
		{A9FE1E81-45A1-40F9-8105-5629EF12FCB3}.Debug|x86.Build.0 = Debug|Win32
		{36BDA015-CDDD-457D-9ADF-73A052796052}.Debug|x86.ActiveCfg = Debug|Win32
		{36BDA015-CDDD-457D-9ADF-73A052796052}.Debug|x86.Build.0 = Debug|Win32
		{4556948A-3785-4226-8E8C-E1D5CD080588}.Debug|x86.ActiveCfg = Debug|Win32
		{4556948A-3785-4226-8E8C-E1D5CD080588}.Debug|x86.Build.0 = Debug|Win32
	EndGlobalSection
	GlobalSection(SolutionProperties) = preSolution
		HideSolutionNode = FALSE
	EndGlobalSection
EndGlobal
