
Microsoft Visual Studio Solution File, Format Version 12.00
# Visual Studio 14
VisualStudioVersion = 14.0.24720.0
MinimumVisualStudioVersion = 10.0.40219.1
Project("{8BC9CEB8-8B4A-11D0-8D11-00A0C91BC942}") = "Listing1", "Listing1\Listing1.vcxproj", "{1DEF6843-23B5-4DD3-BAA9-B4612FB24F13}"
EndProject
Project("{8BC9CEB8-8B4A-11D0-8D11-00A0C91BC942}") = "Listing2", "Listing2\Listing2.vcxproj", "{32D27B76-FF68-442A-9F7D-937C42F12A25}"
EndProject
Project("{8BC9CEB8-8B4A-11D0-8D11-00A0C91BC942}") = "Listing3", "Listing3\Listing3.vcxproj", "{3AA7FEF7-E8C5-47B8-9780-4BD48A0C524F}"
EndProject
Project("{8BC9CEB8-8B4A-11D0-8D11-00A0C91BC942}") = "Listing4", "Listing4\Listing4.vcxproj", "{4A2A2153-337B-4596-90B4-7EAD54B12F91}"
EndProject
Project("{8BC9CEB8-8B4A-11D0-8D11-00A0C91BC942}") = "Listing5", "Listing5\Listing5.vcxproj", "{F1DBA0FA-CB3B-48E4-8C01-B1BAAE567754}"
EndProject
Project("{8BC9CEB8-8B4A-11D0-8D11-00A0C91BC942}") = "Listing6", "Listing6\Listing6.vcxproj", "{3896D094-3D8F-426A-BCDA-E22DAC7B59FA}"
EndProject
Project("{8BC9CEB8-8B4A-11D0-8D11-00A0C91BC942}") = "Listing7", "Listing7\Listing7.vcxproj", "{92F312FD-C03B-4EA1-B84B-130604BE167A}"
EndProject
Project("{8BC9CEB8-8B4A-11D0-8D11-00A0C91BC942}") = "Listing8", "Listing8\Listing8.vcxproj", "{AC639E0F-08EA-42C3-A25C-986B45EE5DAF}"
EndProject
Project("{8BC9CEB8-8B4A-11D0-8D11-00A0C91BC942}") = "Listing9", "Listing9\Listing9.vcxproj", "{F7199291-B493-45BF-9D40-B7801EB9EE45}"
EndProject
Project("{8BC9CEB8-8B4A-11D0-8D11-00A0C91BC942}") = "Listing10", "Listing10\Listing10.vcxproj", "{3B427557-DCA4-45F8-93B4-272D41E7C421}"
EndProject
Project("{8BC9CEB8-8B4A-11D0-8D11-00A0C91BC942}") = "Home1_m8", "Home1_m8\Home1_m8.vcxproj", "{907A1D1F-5A85-4926-8955-37C4C2458597}"
EndProject
Global
	GlobalSection(SolutionConfigurationPlatforms) = preSolution
		Debug|x64 = Debug|x64
		Debug|x86 = Debug|x86
		Release|x64 = Release|x64
		Release|x86 = Release|x86
	EndGlobalSection
	GlobalSection(ProjectConfigurationPlatforms) = postSolution
		{1DEF6843-23B5-4DD3-BAA9-B4612FB24F13}.Debug|x64.ActiveCfg = Debug|x64
		{1DEF6843-23B5-4DD3-BAA9-B4612FB24F13}.Debug|x64.Build.0 = Debug|x64
		{1DEF6843-23B5-4DD3-BAA9-B4612FB24F13}.Debug|x86.ActiveCfg = Debug|Win32
		{1DEF6843-23B5-4DD3-BAA9-B4612FB24F13}.Debug|x86.Build.0 = Debug|Win32
		{1DEF6843-23B5-4DD3-BAA9-B4612FB24F13}.Release|x64.ActiveCfg = Release|x64
		{1DEF6843-23B5-4DD3-BAA9-B4612FB24F13}.Release|x64.Build.0 = Release|x64
		{1DEF6843-23B5-4DD3-BAA9-B4612FB24F13}.Release|x86.ActiveCfg = Release|Win32
		{1DEF6843-23B5-4DD3-BAA9-B4612FB24F13}.Release|x86.Build.0 = Release|Win32
		{32D27B76-FF68-442A-9F7D-937C42F12A25}.Debug|x64.ActiveCfg = Debug|x64
		{32D27B76-FF68-442A-9F7D-937C42F12A25}.Debug|x64.Build.0 = Debug|x64
		{32D27B76-FF68-442A-9F7D-937C42F12A25}.Debug|x86.ActiveCfg = Debug|Win32
		{32D27B76-FF68-442A-9F7D-937C42F12A25}.Debug|x86.Build.0 = Debug|Win32
		{32D27B76-FF68-442A-9F7D-937C42F12A25}.Release|x64.ActiveCfg = Release|x64
		{32D27B76-FF68-442A-9F7D-937C42F12A25}.Release|x64.Build.0 = Release|x64
		{32D27B76-FF68-442A-9F7D-937C42F12A25}.Release|x86.ActiveCfg = Release|Win32
		{32D27B76-FF68-442A-9F7D-937C42F12A25}.Release|x86.Build.0 = Release|Win32
		{3AA7FEF7-E8C5-47B8-9780-4BD48A0C524F}.Debug|x64.ActiveCfg = Debug|x64
		{3AA7FEF7-E8C5-47B8-9780-4BD48A0C524F}.Debug|x64.Build.0 = Debug|x64
		{3AA7FEF7-E8C5-47B8-9780-4BD48A0C524F}.Debug|x86.ActiveCfg = Debug|Win32
		{3AA7FEF7-E8C5-47B8-9780-4BD48A0C524F}.Debug|x86.Build.0 = Debug|Win32
		{3AA7FEF7-E8C5-47B8-9780-4BD48A0C524F}.Release|x64.ActiveCfg = Release|x64
		{3AA7FEF7-E8C5-47B8-9780-4BD48A0C524F}.Release|x64.Build.0 = Release|x64
		{3AA7FEF7-E8C5-47B8-9780-4BD48A0C524F}.Release|x86.ActiveCfg = Release|Win32
		{3AA7FEF7-E8C5-47B8-9780-4BD48A0C524F}.Release|x86.Build.0 = Release|Win32
		{4A2A2153-337B-4596-90B4-7EAD54B12F91}.Debug|x64.ActiveCfg = Debug|x64
		{4A2A2153-337B-4596-90B4-7EAD54B12F91}.Debug|x64.Build.0 = Debug|x64
		{4A2A2153-337B-4596-90B4-7EAD54B12F91}.Debug|x86.ActiveCfg = Debug|Win32
		{4A2A2153-337B-4596-90B4-7EAD54B12F91}.Debug|x86.Build.0 = Debug|Win32
		{4A2A2153-337B-4596-90B4-7EAD54B12F91}.Release|x64.ActiveCfg = Release|x64
		{4A2A2153-337B-4596-90B4-7EAD54B12F91}.Release|x64.Build.0 = Release|x64
		{4A2A2153-337B-4596-90B4-7EAD54B12F91}.Release|x86.ActiveCfg = Release|Win32
		{4A2A2153-337B-4596-90B4-7EAD54B12F91}.Release|x86.Build.0 = Release|Win32
		{F1DBA0FA-CB3B-48E4-8C01-B1BAAE567754}.Debug|x64.ActiveCfg = Debug|x64
		{F1DBA0FA-CB3B-48E4-8C01-B1BAAE567754}.Debug|x64.Build.0 = Debug|x64
		{F1DBA0FA-CB3B-48E4-8C01-B1BAAE567754}.Debug|x86.ActiveCfg = Debug|Win32
		{F1DBA0FA-CB3B-48E4-8C01-B1BAAE567754}.Debug|x86.Build.0 = Debug|Win32
		{F1DBA0FA-CB3B-48E4-8C01-B1BAAE567754}.Release|x64.ActiveCfg = Release|x64
		{F1DBA0FA-CB3B-48E4-8C01-B1BAAE567754}.Release|x64.Build.0 = Release|x64
		{F1DBA0FA-CB3B-48E4-8C01-B1BAAE567754}.Release|x86.ActiveCfg = Release|Win32
		{F1DBA0FA-CB3B-48E4-8C01-B1BAAE567754}.Release|x86.Build.0 = Release|Win32
		{3896D094-3D8F-426A-BCDA-E22DAC7B59FA}.Debug|x64.ActiveCfg = Debug|x64
		{3896D094-3D8F-426A-BCDA-E22DAC7B59FA}.Debug|x64.Build.0 = Debug|x64
		{3896D094-3D8F-426A-BCDA-E22DAC7B59FA}.Debug|x86.ActiveCfg = Debug|Win32
		{3896D094-3D8F-426A-BCDA-E22DAC7B59FA}.Debug|x86.Build.0 = Debug|Win32
		{3896D094-3D8F-426A-BCDA-E22DAC7B59FA}.Release|x64.ActiveCfg = Release|x64
		{3896D094-3D8F-426A-BCDA-E22DAC7B59FA}.Release|x64.Build.0 = Release|x64
		{3896D094-3D8F-426A-BCDA-E22DAC7B59FA}.Release|x86.ActiveCfg = Release|Win32
		{3896D094-3D8F-426A-BCDA-E22DAC7B59FA}.Release|x86.Build.0 = Release|Win32
		{92F312FD-C03B-4EA1-B84B-130604BE167A}.Debug|x64.ActiveCfg = Debug|x64
		{92F312FD-C03B-4EA1-B84B-130604BE167A}.Debug|x64.Build.0 = Debug|x64
		{92F312FD-C03B-4EA1-B84B-130604BE167A}.Debug|x86.ActiveCfg = Debug|Win32
		{92F312FD-C03B-4EA1-B84B-130604BE167A}.Debug|x86.Build.0 = Debug|Win32
		{92F312FD-C03B-4EA1-B84B-130604BE167A}.Release|x64.ActiveCfg = Release|x64
		{92F312FD-C03B-4EA1-B84B-130604BE167A}.Release|x64.Build.0 = Release|x64
		{92F312FD-C03B-4EA1-B84B-130604BE167A}.Release|x86.ActiveCfg = Release|Win32
		{92F312FD-C03B-4EA1-B84B-130604BE167A}.Release|x86.Build.0 = Release|Win32
		{AC639E0F-08EA-42C3-A25C-986B45EE5DAF}.Debug|x64.ActiveCfg = Debug|x64
		{AC639E0F-08EA-42C3-A25C-986B45EE5DAF}.Debug|x64.Build.0 = Debug|x64
		{AC639E0F-08EA-42C3-A25C-986B45EE5DAF}.Debug|x86.ActiveCfg = Debug|Win32
		{AC639E0F-08EA-42C3-A25C-986B45EE5DAF}.Debug|x86.Build.0 = Debug|Win32
		{AC639E0F-08EA-42C3-A25C-986B45EE5DAF}.Release|x64.ActiveCfg = Release|x64
		{AC639E0F-08EA-42C3-A25C-986B45EE5DAF}.Release|x64.Build.0 = Release|x64
		{AC639E0F-08EA-42C3-A25C-986B45EE5DAF}.Release|x86.ActiveCfg = Release|Win32
		{AC639E0F-08EA-42C3-A25C-986B45EE5DAF}.Release|x86.Build.0 = Release|Win32
		{F7199291-B493-45BF-9D40-B7801EB9EE45}.Debug|x64.ActiveCfg = Debug|x64
		{F7199291-B493-45BF-9D40-B7801EB9EE45}.Debug|x64.Build.0 = Debug|x64
		{F7199291-B493-45BF-9D40-B7801EB9EE45}.Debug|x86.ActiveCfg = Debug|Win32
		{F7199291-B493-45BF-9D40-B7801EB9EE45}.Debug|x86.Build.0 = Debug|Win32
		{F7199291-B493-45BF-9D40-B7801EB9EE45}.Release|x64.ActiveCfg = Release|x64
		{F7199291-B493-45BF-9D40-B7801EB9EE45}.Release|x64.Build.0 = Release|x64
		{F7199291-B493-45BF-9D40-B7801EB9EE45}.Release|x86.ActiveCfg = Release|Win32
		{F7199291-B493-45BF-9D40-B7801EB9EE45}.Release|x86.Build.0 = Release|Win32
		{3B427557-DCA4-45F8-93B4-272D41E7C421}.Debug|x64.ActiveCfg = Debug|x64
		{3B427557-DCA4-45F8-93B4-272D41E7C421}.Debug|x64.Build.0 = Debug|x64
		{3B427557-DCA4-45F8-93B4-272D41E7C421}.Debug|x86.ActiveCfg = Debug|Win32
		{3B427557-DCA4-45F8-93B4-272D41E7C421}.Debug|x86.Build.0 = Debug|Win32
		{3B427557-DCA4-45F8-93B4-272D41E7C421}.Release|x64.ActiveCfg = Release|x64
		{3B427557-DCA4-45F8-93B4-272D41E7C421}.Release|x64.Build.0 = Release|x64
		{3B427557-DCA4-45F8-93B4-272D41E7C421}.Release|x86.ActiveCfg = Release|Win32
		{3B427557-DCA4-45F8-93B4-272D41E7C421}.Release|x86.Build.0 = Release|Win32
		{907A1D1F-5A85-4926-8955-37C4C2458597}.Debug|x64.ActiveCfg = Debug|x64
		{907A1D1F-5A85-4926-8955-37C4C2458597}.Debug|x64.Build.0 = Debug|x64
		{907A1D1F-5A85-4926-8955-37C4C2458597}.Debug|x86.ActiveCfg = Debug|Win32
		{907A1D1F-5A85-4926-8955-37C4C2458597}.Debug|x86.Build.0 = Debug|Win32
		{907A1D1F-5A85-4926-8955-37C4C2458597}.Release|x64.ActiveCfg = Release|x64
		{907A1D1F-5A85-4926-8955-37C4C2458597}.Release|x64.Build.0 = Release|x64
		{907A1D1F-5A85-4926-8955-37C4C2458597}.Release|x86.ActiveCfg = Release|Win32
		{907A1D1F-5A85-4926-8955-37C4C2458597}.Release|x86.Build.0 = Release|Win32
	EndGlobalSection
	GlobalSection(SolutionProperties) = preSolution
		HideSolutionNode = FALSE
	EndGlobalSection
EndGlobal
