
Microsoft Visual Studio Solution File, Format Version 12.00
# Visual Studio 14
VisualStudioVersion = 14.0.23107.0
MinimumVisualStudioVersion = 10.0.40219.1
Project("{8BC9CEB8-8B4A-11D0-8D11-00A0C91BC942}") = "1", "1\1.vcxproj", "{1DEF6843-23B5-4DD3-BAA9-B4612FB24F13}"
EndProject
Project("{8BC9CEB8-8B4A-11D0-8D11-00A0C91BC942}") = "2", "2\2.vcxproj", "{BD8CDE4A-D85F-487D-88FA-E7078FB26A38}"
EndProject
Project("{8BC9CEB8-8B4A-11D0-8D11-00A0C91BC942}") = "3", "3\3.vcxproj", "{AA8350BD-1412-452B-B345-830CFF071996}"
EndProject
Global
	GlobalSection(SolutionConfigurationPlatforms) = preSolution
		Debug|x86 = Debug|x86
		Release|x86 = Release|x86
	EndGlobalSection
	GlobalSection(ProjectConfigurationPlatforms) = postSolution
		{1DEF6843-23B5-4DD3-BAA9-B4612FB24F13}.Debug|x86.ActiveCfg = Debug|Win32
		{1DEF6843-23B5-4DD3-BAA9-B4612FB24F13}.Debug|x86.Build.0 = Debug|Win32
		{1DEF6843-23B5-4DD3-BAA9-B4612FB24F13}.Release|x86.ActiveCfg = Release|Win32
		{1DEF6843-23B5-4DD3-BAA9-B4612FB24F13}.Release|x86.Build.0 = Release|Win32
		{BD8CDE4A-D85F-487D-88FA-E7078FB26A38}.Debug|x86.ActiveCfg = Debug|Win32
		{BD8CDE4A-D85F-487D-88FA-E7078FB26A38}.Debug|x86.Build.0 = Debug|Win32
		{BD8CDE4A-D85F-487D-88FA-E7078FB26A38}.Release|x86.ActiveCfg = Release|Win32
		{BD8CDE4A-D85F-487D-88FA-E7078FB26A38}.Release|x86.Build.0 = Release|Win32
		{AA8350BD-1412-452B-B345-830CFF071996}.Debug|x86.ActiveCfg = Debug|Win32
		{AA8350BD-1412-452B-B345-830CFF071996}.Debug|x86.Build.0 = Debug|Win32
		{AA8350BD-1412-452B-B345-830CFF071996}.Release|x86.ActiveCfg = Release|Win32
		{AA8350BD-1412-452B-B345-830CFF071996}.Release|x86.Build.0 = Release|Win32
	EndGlobalSection
	GlobalSection(SolutionProperties) = preSolution
		HideSolutionNode = FALSE
	EndGlobalSection
EndGlobal
