
Microsoft Visual Studio Solution File, Format Version 12.00
# Visual Studio 14
VisualStudioVersion = 14.0.24720.0
MinimumVisualStudioVersion = 10.0.40219.1
Project("{8BC9CEB8-8B4A-11D0-8D11-00A0C91BC942}") = "1", "1\1.vcxproj", "{1DEF6843-23B5-4DD3-BAA9-B4612FB24F13}"
EndProject
Project("{8BC9CEB8-8B4A-11D0-8D11-00A0C91BC942}") = "2", "2\2.vcxproj", "{7EC1A5F6-94EA-4D0A-859F-B55DCD15EB72}"
EndProject
Project("{8BC9CEB8-8B4A-11D0-8D11-00A0C91BC942}") = "3", "3\3.vcxproj", "{47199A68-DA6A-4C48-9A58-D5FD7B1F621D}"
EndProject
Project("{8BC9CEB8-8B4A-11D0-8D11-00A0C91BC942}") = "4", "4\4.vcxproj", "{E2C0C6DA-51E7-479E-9889-31A5719A207A}"
EndProject
Project("{8BC9CEB8-8B4A-11D0-8D11-00A0C91BC942}") = "5", "5\5.vcxproj", "{CCA174EE-C648-48E2-B646-9B25D53BAAF0}"
EndProject
Project("{8BC9CEB8-8B4A-11D0-8D11-00A0C91BC942}") = "6", "6\6.vcxproj", "{357426C6-E8CA-4FC8-A316-B8EE9199E6C0}"
EndProject
Project("{8BC9CEB8-8B4A-11D0-8D11-00A0C91BC942}") = "7", "7\7.vcxproj", "{19DCD866-D045-484C-9DD9-4C0C0D913D10}"
EndProject
Project("{8BC9CEB8-8B4A-11D0-8D11-00A0C91BC942}") = "8", "8\8.vcxproj", "{8508D012-77FC-43EC-B361-9873A9EAF9A0}"
EndProject
Project("{8BC9CEB8-8B4A-11D0-8D11-00A0C91BC942}") = "9", "9\9.vcxproj", "{1428CE2A-B78A-4159-87B4-62B5435A9F58}"
EndProject
Project("{8BC9CEB8-8B4A-11D0-8D11-00A0C91BC942}") = "10", "10\10.vcxproj", "{9FDDE2D9-FD08-443D-AACA-9998C05434B3}"
EndProject
Project("{8BC9CEB8-8B4A-11D0-8D11-00A0C91BC942}") = "Home1", "Home1\Home1.vcxproj", "{654EFDBC-D091-4995-AE47-707E98D769F0}"
EndProject
Project("{8BC9CEB8-8B4A-11D0-8D11-00A0C91BC942}") = "Home2", "Home2\Home2.vcxproj", "{D86A7A3C-12EE-4258-9F84-18AF385396B6}"
EndProject
Project("{8BC9CEB8-8B4A-11D0-8D11-00A0C91BC942}") = "Home3", "Home3\Home3.vcxproj", "{A9AF72D7-D04F-4D95-9680-779E999EDF2D}"
EndProject
Global
	GlobalSection(SolutionConfigurationPlatforms) = preSolution
		Debug|x86 = Debug|x86
	EndGlobalSection
	GlobalSection(ProjectConfigurationPlatforms) = postSolution
		{1DEF6843-23B5-4DD3-BAA9-B4612FB24F13}.Debug|x86.ActiveCfg = Debug|Win32
		{1DEF6843-23B5-4DD3-BAA9-B4612FB24F13}.Debug|x86.Build.0 = Debug|Win32
		{7EC1A5F6-94EA-4D0A-859F-B55DCD15EB72}.Debug|x86.ActiveCfg = Debug|Win32
		{7EC1A5F6-94EA-4D0A-859F-B55DCD15EB72}.Debug|x86.Build.0 = Debug|Win32
		{47199A68-DA6A-4C48-9A58-D5FD7B1F621D}.Debug|x86.ActiveCfg = Debug|Win32
		{47199A68-DA6A-4C48-9A58-D5FD7B1F621D}.Debug|x86.Build.0 = Debug|Win32
		{E2C0C6DA-51E7-479E-9889-31A5719A207A}.Debug|x86.ActiveCfg = Debug|Win32
		{E2C0C6DA-51E7-479E-9889-31A5719A207A}.Debug|x86.Build.0 = Debug|Win32
		{CCA174EE-C648-48E2-B646-9B25D53BAAF0}.Debug|x86.ActiveCfg = Debug|Win32
		{CCA174EE-C648-48E2-B646-9B25D53BAAF0}.Debug|x86.Build.0 = Debug|Win32
		{357426C6-E8CA-4FC8-A316-B8EE9199E6C0}.Debug|x86.ActiveCfg = Debug|Win32
		{357426C6-E8CA-4FC8-A316-B8EE9199E6C0}.Debug|x86.Build.0 = Debug|Win32
		{19DCD866-D045-484C-9DD9-4C0C0D913D10}.Debug|x86.ActiveCfg = Debug|Win32
		{19DCD866-D045-484C-9DD9-4C0C0D913D10}.Debug|x86.Build.0 = Debug|Win32
		{8508D012-77FC-43EC-B361-9873A9EAF9A0}.Debug|x86.ActiveCfg = Debug|Win32
		{8508D012-77FC-43EC-B361-9873A9EAF9A0}.Debug|x86.Build.0 = Debug|Win32
		{1428CE2A-B78A-4159-87B4-62B5435A9F58}.Debug|x86.ActiveCfg = Debug|Win32
		{1428CE2A-B78A-4159-87B4-62B5435A9F58}.Debug|x86.Build.0 = Debug|Win32
		{9FDDE2D9-FD08-443D-AACA-9998C05434B3}.Debug|x86.ActiveCfg = Debug|Win32
		{9FDDE2D9-FD08-443D-AACA-9998C05434B3}.Debug|x86.Build.0 = Debug|Win32
		{654EFDBC-D091-4995-AE47-707E98D769F0}.Debug|x86.ActiveCfg = Debug|Win32
		{654EFDBC-D091-4995-AE47-707E98D769F0}.Debug|x86.Build.0 = Debug|Win32
		{D86A7A3C-12EE-4258-9F84-18AF385396B6}.Debug|x86.ActiveCfg = Debug|Win32
		{D86A7A3C-12EE-4258-9F84-18AF385396B6}.Debug|x86.Build.0 = Debug|Win32
		{A9AF72D7-D04F-4D95-9680-779E999EDF2D}.Debug|x86.ActiveCfg = Debug|Win32
		{A9AF72D7-D04F-4D95-9680-779E999EDF2D}.Debug|x86.Build.0 = Debug|Win32
	EndGlobalSection
	GlobalSection(SolutionProperties) = preSolution
		HideSolutionNode = FALSE
	EndGlobalSection
EndGlobal
