
Microsoft Visual Studio Solution File, Format Version 12.00
# Visual Studio 14
VisualStudioVersion = 14.0.24720.0
MinimumVisualStudioVersion = 10.0.40219.1
Project("{8BC9CEB8-8B4A-11D0-8D11-00A0C91BC942}") = "1", "1\1.vcxproj", "{1DEF6843-23B5-4DD3-BAA9-B4612FB24F13}"
EndProject
Project("{8BC9CEB8-8B4A-11D0-8D11-00A0C91BC942}") = "2", "2\2.vcxproj", "{DE7DD0A9-0B43-41FD-A888-063EA39F4A67}"
EndProject
Project("{8BC9CEB8-8B4A-11D0-8D11-00A0C91BC942}") = "3", "3\3.vcxproj", "{3F37CA17-D9A4-4306-A8E0-EC20B9A889B5}"
EndProject
Project("{8BC9CEB8-8B4A-11D0-8D11-00A0C91BC942}") = "4", "4\4.vcxproj", "{2E8B2F65-22F1-4290-B5F7-D9D6C98E769C}"
EndProject
Project("{8BC9CEB8-8B4A-11D0-8D11-00A0C91BC942}") = "5", "5\5.vcxproj", "{1FAB27F8-021A-4571-85A4-2795749E2484}"
EndProject
Project("{8BC9CEB8-8B4A-11D0-8D11-00A0C91BC942}") = "6", "6\6.vcxproj", "{B173C8D1-54F8-448A-B5E7-829F4FD0C645}"
EndProject
Project("{8BC9CEB8-8B4A-11D0-8D11-00A0C91BC942}") = "Home1", "Home1\Home1.vcxproj", "{75FF1992-DBF7-43A3-AE4F-D3CF41261CAF}"
EndProject
Project("{8BC9CEB8-8B4A-11D0-8D11-00A0C91BC942}") = "Home2", "Home2\Home2.vcxproj", "{4B3FD69E-7CDD-49CB-BB97-96212CAC13A5}"
EndProject
Project("{8BC9CEB8-8B4A-11D0-8D11-00A0C91BC942}") = "Home3", "Home3\Home3.vcxproj", "{E46137F7-4967-43F7-A13D-7EE23C35A751}"
EndProject
Project("{8BC9CEB8-8B4A-11D0-8D11-00A0C91BC942}") = "Home4", "Home4\Home4.vcxproj", "{6C259A27-DF7C-49D7-989A-146D4A0667FC}"
EndProject
Project("{8BC9CEB8-8B4A-11D0-8D11-00A0C91BC942}") = "Home5", "Home5\Home5.vcxproj", "{6C4E9715-A904-4724-A40D-29D9E21DA6ED}"
EndProject
Global
	GlobalSection(SolutionConfigurationPlatforms) = preSolution
		Debug|x86 = Debug|x86
	EndGlobalSection
	GlobalSection(ProjectConfigurationPlatforms) = postSolution
		{1DEF6843-23B5-4DD3-BAA9-B4612FB24F13}.Debug|x86.ActiveCfg = Debug|Win32
		{1DEF6843-23B5-4DD3-BAA9-B4612FB24F13}.Debug|x86.Build.0 = Debug|Win32
		{DE7DD0A9-0B43-41FD-A888-063EA39F4A67}.Debug|x86.ActiveCfg = Debug|Win32
		{DE7DD0A9-0B43-41FD-A888-063EA39F4A67}.Debug|x86.Build.0 = Debug|Win32
		{3F37CA17-D9A4-4306-A8E0-EC20B9A889B5}.Debug|x86.ActiveCfg = Debug|Win32
		{3F37CA17-D9A4-4306-A8E0-EC20B9A889B5}.Debug|x86.Build.0 = Debug|Win32
		{2E8B2F65-22F1-4290-B5F7-D9D6C98E769C}.Debug|x86.ActiveCfg = Debug|Win32
		{2E8B2F65-22F1-4290-B5F7-D9D6C98E769C}.Debug|x86.Build.0 = Debug|Win32
		{1FAB27F8-021A-4571-85A4-2795749E2484}.Debug|x86.ActiveCfg = Debug|Win32
		{1FAB27F8-021A-4571-85A4-2795749E2484}.Debug|x86.Build.0 = Debug|Win32
		{B173C8D1-54F8-448A-B5E7-829F4FD0C645}.Debug|x86.ActiveCfg = Debug|Win32
		{B173C8D1-54F8-448A-B5E7-829F4FD0C645}.Debug|x86.Build.0 = Debug|Win32
		{75FF1992-DBF7-43A3-AE4F-D3CF41261CAF}.Debug|x86.ActiveCfg = Debug|Win32
		{75FF1992-DBF7-43A3-AE4F-D3CF41261CAF}.Debug|x86.Build.0 = Debug|Win32
		{4B3FD69E-7CDD-49CB-BB97-96212CAC13A5}.Debug|x86.ActiveCfg = Debug|Win32
		{4B3FD69E-7CDD-49CB-BB97-96212CAC13A5}.Debug|x86.Build.0 = Debug|Win32
		{E46137F7-4967-43F7-A13D-7EE23C35A751}.Debug|x86.ActiveCfg = Debug|Win32
		{E46137F7-4967-43F7-A13D-7EE23C35A751}.Debug|x86.Build.0 = Debug|Win32
		{6C259A27-DF7C-49D7-989A-146D4A0667FC}.Debug|x86.ActiveCfg = Debug|Win32
		{6C259A27-DF7C-49D7-989A-146D4A0667FC}.Debug|x86.Build.0 = Debug|Win32
		{6C4E9715-A904-4724-A40D-29D9E21DA6ED}.Debug|x86.ActiveCfg = Debug|Win32
		{6C4E9715-A904-4724-A40D-29D9E21DA6ED}.Debug|x86.Build.0 = Debug|Win32
	EndGlobalSection
	GlobalSection(SolutionProperties) = preSolution
		HideSolutionNode = FALSE
	EndGlobalSection
EndGlobal
