
Microsoft Visual Studio Solution File, Format Version 12.00
# Visual Studio 14
VisualStudioVersion = 14.0.24720.0
MinimumVisualStudioVersion = 10.0.40219.1
Project("{8BC9CEB8-8B4A-11D0-8D11-00A0C91BC942}") = "1", "1\1.vcxproj", "{1DEF6843-23B5-4DD3-BAA9-B4612FB24F13}"
EndProject
Project("{8BC9CEB8-8B4A-11D0-8D11-00A0C91BC942}") = "2", "2\2.vcxproj", "{91E74240-16E6-49CD-96D9-BDF04CE83F60}"
EndProject
Project("{8BC9CEB8-8B4A-11D0-8D11-00A0C91BC942}") = "3", "3\3.vcxproj", "{5F4EF6E0-1DFC-4485-AB6F-015541C3BCF7}"
EndProject
Project("{8BC9CEB8-8B4A-11D0-8D11-00A0C91BC942}") = "4", "4\4.vcxproj", "{7F53C2C1-E59C-4B66-9F60-1C274897B8F5}"
EndProject
Project("{8BC9CEB8-8B4A-11D0-8D11-00A0C91BC942}") = "5", "5\5.vcxproj", "{F69937FD-FB0A-4A82-ABCA-80970574CF0B}"
EndProject
Project("{8BC9CEB8-8B4A-11D0-8D11-00A0C91BC942}") = "6", "6\6.vcxproj", "{AC3D5667-E604-4038-BF4E-9B57C7A7B08E}"
EndProject
Project("{8BC9CEB8-8B4A-11D0-8D11-00A0C91BC942}") = "7", "7\7.vcxproj", "{B5C8E9A9-191B-4F1E-90F9-65B86EBDAAA9}"
EndProject
Project("{8BC9CEB8-8B4A-11D0-8D11-00A0C91BC942}") = "8", "8\8.vcxproj", "{D0B76AAE-703F-46B0-A42B-5897C3FC3DD2}"
EndProject
Project("{8BC9CEB8-8B4A-11D0-8D11-00A0C91BC942}") = "9", "9\9.vcxproj", "{3803873C-FDD1-471B-8BB0-193AE244908E}"
EndProject
Project("{8BC9CEB8-8B4A-11D0-8D11-00A0C91BC942}") = "10", "10\10.vcxproj", "{D691A58E-BE27-4D0C-858A-9BAF4059A216}"
EndProject
Project("{8BC9CEB8-8B4A-11D0-8D11-00A0C91BC942}") = "11", "11\11.vcxproj", "{3A18E0C2-4FB2-4B7F-BA33-E979B45AE94D}"
EndProject
Project("{8BC9CEB8-8B4A-11D0-8D11-00A0C91BC942}") = "12", "12\12.vcxproj", "{14D789FF-8E2A-4C76-8DF2-83ADC365C1DC}"
EndProject
Project("{8BC9CEB8-8B4A-11D0-8D11-00A0C91BC942}") = "13", "13\13.vcxproj", "{BD63FBFC-190D-42AD-8E26-8E1336209BE2}"
EndProject
Project("{8BC9CEB8-8B4A-11D0-8D11-00A0C91BC942}") = "extra2", "extra2\extra2.vcxproj", "{4FA3F7A7-88F8-49DE-A883-CA675747F499}"
EndProject
Global
	GlobalSection(SolutionConfigurationPlatforms) = preSolution
		Debug|x86 = Debug|x86
	EndGlobalSection
	GlobalSection(ProjectConfigurationPlatforms) = postSolution
		{1DEF6843-23B5-4DD3-BAA9-B4612FB24F13}.Debug|x86.ActiveCfg = Debug|Win32
		{1DEF6843-23B5-4DD3-BAA9-B4612FB24F13}.Debug|x86.Build.0 = Debug|Win32
		{91E74240-16E6-49CD-96D9-BDF04CE83F60}.Debug|x86.ActiveCfg = Debug|Win32
		{91E74240-16E6-49CD-96D9-BDF04CE83F60}.Debug|x86.Build.0 = Debug|Win32
		{5F4EF6E0-1DFC-4485-AB6F-015541C3BCF7}.Debug|x86.ActiveCfg = Debug|Win32
		{5F4EF6E0-1DFC-4485-AB6F-015541C3BCF7}.Debug|x86.Build.0 = Debug|Win32
		{7F53C2C1-E59C-4B66-9F60-1C274897B8F5}.Debug|x86.ActiveCfg = Debug|Win32
		{7F53C2C1-E59C-4B66-9F60-1C274897B8F5}.Debug|x86.Build.0 = Debug|Win32
		{F69937FD-FB0A-4A82-ABCA-80970574CF0B}.Debug|x86.ActiveCfg = Debug|Win32
		{F69937FD-FB0A-4A82-ABCA-80970574CF0B}.Debug|x86.Build.0 = Debug|Win32
		{AC3D5667-E604-4038-BF4E-9B57C7A7B08E}.Debug|x86.ActiveCfg = Debug|Win32
		{AC3D5667-E604-4038-BF4E-9B57C7A7B08E}.Debug|x86.Build.0 = Debug|Win32
		{B5C8E9A9-191B-4F1E-90F9-65B86EBDAAA9}.Debug|x86.ActiveCfg = Debug|Win32
		{B5C8E9A9-191B-4F1E-90F9-65B86EBDAAA9}.Debug|x86.Build.0 = Debug|Win32
		{D0B76AAE-703F-46B0-A42B-5897C3FC3DD2}.Debug|x86.ActiveCfg = Debug|Win32
		{D0B76AAE-703F-46B0-A42B-5897C3FC3DD2}.Debug|x86.Build.0 = Debug|Win32
		{3803873C-FDD1-471B-8BB0-193AE244908E}.Debug|x86.ActiveCfg = Debug|Win32
		{3803873C-FDD1-471B-8BB0-193AE244908E}.Debug|x86.Build.0 = Debug|Win32
		{D691A58E-BE27-4D0C-858A-9BAF4059A216}.Debug|x86.ActiveCfg = Debug|Win32
		{D691A58E-BE27-4D0C-858A-9BAF4059A216}.Debug|x86.Build.0 = Debug|Win32
		{3A18E0C2-4FB2-4B7F-BA33-E979B45AE94D}.Debug|x86.ActiveCfg = Debug|Win32
		{3A18E0C2-4FB2-4B7F-BA33-E979B45AE94D}.Debug|x86.Build.0 = Debug|Win32
		{14D789FF-8E2A-4C76-8DF2-83ADC365C1DC}.Debug|x86.ActiveCfg = Debug|Win32
		{14D789FF-8E2A-4C76-8DF2-83ADC365C1DC}.Debug|x86.Build.0 = Debug|Win32
		{BD63FBFC-190D-42AD-8E26-8E1336209BE2}.Debug|x86.ActiveCfg = Debug|Win32
		{BD63FBFC-190D-42AD-8E26-8E1336209BE2}.Debug|x86.Build.0 = Debug|Win32
		{4FA3F7A7-88F8-49DE-A883-CA675747F499}.Debug|x86.ActiveCfg = Debug|Win32
		{4FA3F7A7-88F8-49DE-A883-CA675747F499}.Debug|x86.Build.0 = Debug|Win32
	EndGlobalSection
	GlobalSection(SolutionProperties) = preSolution
		HideSolutionNode = FALSE
	EndGlobalSection
EndGlobal
